
Microsoft Visual Studio Solution File, Format Version 12.00
# Visual Studio Version 17
VisualStudioVersion = 17.10.35122.118
MinimumVisualStudioVersion = 10.0.40219.1
Project("{FAE04EC0-301F-11D3-BF4B-00C04F79EFBC}") = "SignalRChat", "SignalRChat.csproj", "{E0986A7F-9A92-40C7-8997-05D3A5F62E93}"
EndProject
Global
	GlobalSection(SolutionConfigurationPlatforms) = preSolution
		Debug|Any CPU = Debug|Any CPU
		Release|Any CPU = Release|Any CPU
	EndGlobalSection
	GlobalSection(ProjectConfigurationPlatforms) = postSolution
		{E0986A7F-9A92-40C7-8997-05D3A5F62E93}.Debug|Any CPU.ActiveCfg = Debug|Any CPU
		{E0986A7F-9A92-40C7-8997-05D3A5F62E93}.Debug|Any CPU.Build.0 = Debug|Any CPU
		{E0986A7F-9A92-40C7-8997-05D3A5F62E93}.Release|Any CPU.ActiveCfg = Release|Any CPU
		{E0986A7F-9A92-40C7-8997-05D3A5F62E93}.Release|Any CPU.Build.0 = Release|Any CPU
	EndGlobalSection
	GlobalSection(SolutionProperties) = preSolution
		HideSolutionNode = FALSE
	EndGlobalSection
	GlobalSection(ExtensibilityGlobals) = postSolution
		SolutionGuid = {7BA94C27-5FC3-41EF-A94B-262814E7019F}
	EndGlobalSection
EndGlobal
